{
  "version": 4,
  "terraform_version": "1.3.7",
  "serial": 20,
  "lineage": "38dd95a2-4a4c-87f3-0b01-2068c0067027",
  "outputs": {},
  "resources": [
    {
      "mode": "managed",
      "type": "aws_cloudwatch_event_rule",
      "name": "ec2_start_rule",
      "provider": "provider[\"registry.terraform.io/hashicorp/aws\"]",
      "instances": [
        {
          "schema_version": 0,
          "attributes": {
            "arn": "arn:aws:events:us-east-1:072850717139:rule/StartEC2Instances",
            "description": "Start EC2 nodes at 6:30 from Monday to friday",
            "event_bus_name": "default",
            "event_pattern": null,
            "id": "StartEC2Instances",
            "is_enabled": true,
            "name": "StartEC2Instances",
            "name_prefix": "",
            "role_arn": "",
            "schedule_expression": "cron(30 6 ? * 2-6 *)",
            "tags": {},
            "tags_all": {}
          },
          "sensitive_attributes": [],
          "private": "bnVsbA=="
        }
      ]
    },
    {
      "mode": "managed",
      "type": "aws_cloudwatch_event_rule",
      "name": "ec2_stop_rule",
      "provider": "provider[\"registry.terraform.io/hashicorp/aws\"]",
      "instances": [
        {
          "schema_version": 0,
          "attributes": {
            "arn": "arn:aws:events:us-east-1:072850717139:rule/StopEC2Instances",
            "description": "Stop EC2 nodes at 19:00 from Monday to friday",
            "event_bus_name": "default",
            "event_pattern": null,
            "id": "StopEC2Instances",
            "is_enabled": true,
            "name": "StopEC2Instances",
            "name_prefix": "",
            "role_arn": "",
            "schedule_expression": "cron(0 19 ? * 2-6 *)",
            "tags": {},
            "tags_all": {}
          },
          "sensitive_attributes": [],
          "private": "bnVsbA=="
        }
      ]
    },
    {
      "mode": "managed",
      "type": "aws_cloudwatch_event_target",
      "name": "ec2_start_rule_target",
      "provider": "provider[\"registry.terraform.io/hashicorp/aws\"]",
      "instances": [
        {
          "schema_version": 1,
          "attributes": {
            "arn": "arn:aws:lambda:us-east-1:072850717139:function:startEC2Lambda",
            "batch_target": [],
            "dead_letter_config": [],
            "ecs_target": [],
            "event_bus_name": "default",
            "http_target": [],
            "id": "StartEC2Instances-terraform-20230515201609877200000001",
            "input": "",
            "input_path": "",
            "input_transformer": [],
            "kinesis_target": [],
            "redshift_target": [],
            "retry_policy": [],
            "role_arn": "",
            "rule": "StartEC2Instances",
            "run_command_targets": [],
            "sqs_target": [],
            "target_id": "terraform-20230515201609877200000001"
          },
          "sensitive_attributes": [],
          "private": "eyJzY2hlbWFfdmVyc2lvbiI6IjEifQ==",
          "dependencies": [
            "aws_cloudwatch_event_rule.ec2_start_rule",
            "aws_iam_role.stop_start_ec2_role",
            "aws_lambda_function.start_ec2_lambda"
          ]
        }
      ]
    },
    {
      "mode": "managed",
      "type": "aws_cloudwatch_event_target",
      "name": "ec2_stop_rule_target",
      "provider": "provider[\"registry.terraform.io/hashicorp/aws\"]",
      "instances": [
        {
          "schema_version": 1,
          "attributes": {
            "arn": "arn:aws:lambda:us-east-1:072850717139:function:stopEC2Lambda",
            "batch_target": [],
            "dead_letter_config": [],
            "ecs_target": [],
            "event_bus_name": "default",
            "http_target": [],
            "id": "StopEC2Instances-terraform-20230515201615460000000002",
            "input": "",
            "input_path": "",
            "input_transformer": [],
            "kinesis_target": [],
            "redshift_target": [],
            "retry_policy": [],
            "role_arn": "",
            "rule": "StopEC2Instances",
            "run_command_targets": [],
            "sqs_target": [],
            "target_id": "terraform-20230515201615460000000002"
          },
          "sensitive_attributes": [],
          "private": "eyJzY2hlbWFfdmVyc2lvbiI6IjEifQ==",
          "dependencies": [
            "aws_cloudwatch_event_rule.ec2_stop_rule",
            "aws_iam_role.stop_start_ec2_role",
            "aws_lambda_function.stop_ec2_lambda"
          ]
        }
      ]
    },
    {
      "mode": "managed",
      "type": "aws_iam_policy",
      "name": "stop_start_ec2_policy",
      "provider": "provider[\"registry.terraform.io/hashicorp/aws\"]",
      "instances": [
        {
          "schema_version": 0,
          "attributes": {
            "arn": "arn:aws:iam::072850717139:policy/StopStartEC2Policy",
            "description": "IAM policy for stop and start EC2 from a lambda",
            "id": "arn:aws:iam::072850717139:policy/StopStartEC2Policy",
            "name": "StopStartEC2Policy",
            "name_prefix": "",
            "path": "/",
            "policy": "{\"Statement\":[{\"Action\":[\"logs:CreateLogGroup\",\"logs:CreateLogStream\",\"logs:PutLogEvents\"],\"Effect\":\"Allow\",\"Resource\":\"arn:aws:logs:*:*:*\"},{\"Action\":[\"ec2:Start*\",\"ec2:Stop*\",\"ec2:DescribeInstances*\"],\"Effect\":\"Allow\",\"Resource\":\"*\"}],\"Version\":\"2012-10-17\"}",
            "policy_id": "ANPARB5R5XHJ3BRGPQGZH",
            "tags": {},
            "tags_all": {}
          },
          "sensitive_attributes": [],
          "private": "bnVsbA=="
        }
      ]
    },
    {
      "mode": "managed",
      "type": "aws_iam_role",
      "name": "stop_start_ec2_role",
      "provider": "provider[\"registry.terraform.io/hashicorp/aws\"]",
      "instances": [
        {
          "schema_version": 0,
          "attributes": {
            "arn": "arn:aws:iam::072850717139:role/StopStartEC2Role",
            "assume_role_policy": "{\"Statement\":[{\"Action\":\"sts:AssumeRole\",\"Effect\":\"Allow\",\"Principal\":{\"Service\":\"lambda.amazonaws.com\"},\"Sid\":\"\"}],\"Version\":\"2012-10-17\"}",
            "create_date": "2023-05-15T19:59:44Z",
            "description": "",
            "force_detach_policies": false,
            "id": "StopStartEC2Role",
            "inline_policy": [],
            "managed_policy_arns": [
              "arn:aws:iam::072850717139:policy/StopStartEC2Policy"
            ],
            "max_session_duration": 3600,
            "name": "StopStartEC2Role",
            "name_prefix": "",
            "path": "/",
            "permissions_boundary": null,
            "role_last_used": [
              {
                "last_used_date": "",
                "region": ""
              }
            ],
            "tags": {},
            "tags_all": {},
            "unique_id": "AROARB5R5XHJ7X7QZA55F"
          },
          "sensitive_attributes": [],
          "private": "bnVsbA=="
        }
      ]
    },
    {
      "mode": "managed",
      "type": "aws_iam_role_policy_attachment",
      "name": "lambda_role_policy",
      "provider": "provider[\"registry.terraform.io/hashicorp/aws\"]",
      "instances": [
        {
          "schema_version": 0,
          "attributes": {
            "id": "StopStartEC2Role-20230515195945269600000001",
            "policy_arn": "arn:aws:iam::072850717139:policy/StopStartEC2Policy",
            "role": "StopStartEC2Role"
          },
          "sensitive_attributes": [],
          "private": "bnVsbA==",
          "dependencies": [
            "aws_iam_policy.stop_start_ec2_policy",
            "aws_iam_role.stop_start_ec2_role"
          ]
        }
      ]
    },
    {
      "mode": "managed",
      "type": "aws_lambda_function",
      "name": "start_ec2_lambda",
      "provider": "provider[\"registry.terraform.io/hashicorp/aws\"]",
      "instances": [
        {
          "schema_version": 0,
          "attributes": {
            "architectures": [
              "x86_64"
            ],
            "arn": "arn:aws:lambda:us-east-1:072850717139:function:startEC2Lambda",
            "code_signing_config_arn": "",
            "dead_letter_config": [],
            "description": "",
            "environment": [],
            "ephemeral_storage": [
              {
                "size": 512
              }
            ],
            "file_system_config": [],
            "filename": "ec2_lambda_handler.zip",
            "function_name": "startEC2Lambda",
            "handler": "ec2_lambda_handler.start",
            "id": "startEC2Lambda",
            "image_config": [],
            "image_uri": "",
            "invoke_arn": "arn:aws:apigateway:us-east-1:lambda:path/2015-03-31/functions/arn:aws:lambda:us-east-1:072850717139:function:startEC2Lambda/invocations",
            "kms_key_arn": "",
            "last_modified": "2023-05-15T20:16:04.493+0000",
            "layers": null,
            "memory_size": 250,
            "package_type": "Zip",
            "publish": false,
            "qualified_arn": "arn:aws:lambda:us-east-1:072850717139:function:startEC2Lambda:$LATEST",
            "qualified_invoke_arn": "arn:aws:apigateway:us-east-1:lambda:path/2015-03-31/functions/arn:aws:lambda:us-east-1:072850717139:function:startEC2Lambda:$LATEST/invocations",
            "replace_security_groups_on_destroy": null,
            "replacement_security_group_ids": null,
            "reserved_concurrent_executions": -1,
            "role": "arn:aws:iam::072850717139:role/StopStartEC2Role",
            "runtime": "python3.7",
            "s3_bucket": null,
            "s3_key": null,
            "s3_object_version": null,
            "signing_job_arn": "",
            "signing_profile_version_arn": "",
            "skip_destroy": false,
            "snap_start": [],
            "source_code_hash": "1wTuOMQqW+gtJ75NFuj323DHXqGsgKjUHK1pf0iBG2Q=",
            "source_code_size": 728,
            "tags": null,
            "tags_all": {},
            "timeout": 60,
            "timeouts": null,
            "tracing_config": [
              {
                "mode": "PassThrough"
              }
            ],
            "version": "$LATEST",
            "vpc_config": []
          },
          "sensitive_attributes": [],
          "private": "eyJlMmJmYjczMC1lY2FhLTExZTYtOGY4OC0zNDM2M2JjN2M0YzAiOnsiY3JlYXRlIjo2MDAwMDAwMDAwMDAsImRlbGV0ZSI6NjAwMDAwMDAwMDAwLCJ1cGRhdGUiOjYwMDAwMDAwMDAwMH19",
          "dependencies": [
            "aws_iam_role.stop_start_ec2_role"
          ]
        }
      ]
    },
    {
      "mode": "managed",
      "type": "aws_lambda_function",
      "name": "stop_ec2_lambda",
      "provider": "provider[\"registry.terraform.io/hashicorp/aws\"]",
      "instances": [
        {
          "schema_version": 0,
          "attributes": {
            "architectures": [
              "x86_64"
            ],
            "arn": "arn:aws:lambda:us-east-1:072850717139:function:stopEC2Lambda",
            "code_signing_config_arn": "",
            "dead_letter_config": [],
            "description": "",
            "environment": [],
            "ephemeral_storage": [
              {
                "size": 512
              }
            ],
            "file_system_config": [],
            "filename": "ec2_lambda_handler.zip",
            "function_name": "stopEC2Lambda",
            "handler": "ec2_lambda_handler.stop",
            "id": "stopEC2Lambda",
            "image_config": [],
            "image_uri": "",
            "invoke_arn": "arn:aws:apigateway:us-east-1:lambda:path/2015-03-31/functions/arn:aws:lambda:us-east-1:072850717139:function:stopEC2Lambda/invocations",
            "kms_key_arn": "",
            "last_modified": "2023-05-15T20:16:10.036+0000",
            "layers": null,
            "memory_size": 250,
            "package_type": "Zip",
            "publish": false,
            "qualified_arn": "arn:aws:lambda:us-east-1:072850717139:function:stopEC2Lambda:$LATEST",
            "qualified_invoke_arn": "arn:aws:apigateway:us-east-1:lambda:path/2015-03-31/functions/arn:aws:lambda:us-east-1:072850717139:function:stopEC2Lambda:$LATEST/invocations",
            "replace_security_groups_on_destroy": null,
            "replacement_security_group_ids": null,
            "reserved_concurrent_executions": -1,
            "role": "arn:aws:iam::072850717139:role/StopStartEC2Role",
            "runtime": "python3.7",
            "s3_bucket": null,
            "s3_key": null,
            "s3_object_version": null,
            "signing_job_arn": "",
            "signing_profile_version_arn": "",
            "skip_destroy": false,
            "snap_start": [],
            "source_code_hash": "1wTuOMQqW+gtJ75NFuj323DHXqGsgKjUHK1pf0iBG2Q=",
            "source_code_size": 728,
            "tags": null,
            "tags_all": {},
            "timeout": 60,
            "timeouts": null,
            "tracing_config": [
              {
                "mode": "PassThrough"
              }
            ],
            "version": "$LATEST",
            "vpc_config": []
          },
          "sensitive_attributes": [],
          "private": "eyJlMmJmYjczMC1lY2FhLTExZTYtOGY4OC0zNDM2M2JjN2M0YzAiOnsiY3JlYXRlIjo2MDAwMDAwMDAwMDAsImRlbGV0ZSI6NjAwMDAwMDAwMDAwLCJ1cGRhdGUiOjYwMDAwMDAwMDAwMH19",
          "dependencies": [
            "aws_iam_role.stop_start_ec2_role"
          ]
        }
      ]
    },
    {
      "mode": "managed",
      "type": "aws_lambda_permission",
      "name": "allow_cloudwatch_start",
      "provider": "provider[\"registry.terraform.io/hashicorp/aws\"]",
      "instances": [
        {
          "schema_version": 0,
          "attributes": {
            "action": "lambda:InvokeFunction",
            "event_source_token": null,
            "function_name": "startEC2Lambda",
            "function_url_auth_type": null,
            "id": "AllowExecutionFromCloudWatch",
            "principal": "events.amazonaws.com",
            "principal_org_id": null,
            "qualifier": "",
            "source_account": null,
            "source_arn": null,
            "statement_id": "AllowExecutionFromCloudWatch",
            "statement_id_prefix": ""
          },
          "sensitive_attributes": [],
          "private": "bnVsbA==",
          "dependencies": [
            "aws_iam_role.stop_start_ec2_role",
            "aws_lambda_function.start_ec2_lambda"
          ]
        }
      ]
    },
    {
      "mode": "managed",
      "type": "aws_lambda_permission",
      "name": "allow_cloudwatch_stop",
      "provider": "provider[\"registry.terraform.io/hashicorp/aws\"]",
      "instances": [
        {
          "schema_version": 0,
          "attributes": {
            "action": "lambda:InvokeFunction",
            "event_source_token": null,
            "function_name": "stopEC2Lambda",
            "function_url_auth_type": null,
            "id": "AllowExecutionFromCloudWatch",
            "principal": "events.amazonaws.com",
            "principal_org_id": null,
            "qualifier": "",
            "source_account": null,
            "source_arn": null,
            "statement_id": "AllowExecutionFromCloudWatch",
            "statement_id_prefix": ""
          },
          "sensitive_attributes": [],
          "private": "bnVsbA==",
          "dependencies": [
            "aws_iam_role.stop_start_ec2_role",
            "aws_lambda_function.stop_ec2_lambda"
          ]
        }
      ]
    }
  ],
  "check_results": null
}
